# This file is autogenerated, do not edit; changes may be undone by the next 'dep ensure'.


[[projects]]
  branch = "master"
  digest = "1:7255bfdd52be3691b04ac28659653e09d91767f7225258ce9977b94dcc3ec05e"
  name = "github.com/digineo/go-logwrap"
  packages = ["."]
  pruneopts = "UT"
  revision = "a178c58ea3f097555dc517c4b87693afacd2107e"

[[projects]]
  digest = "1:4d066aebc9711d1ab96afb61ddb3c796f8c2e5bd5431ec9046f7cd5f9123338c"
  name = "github.com/digineo/go-ping"
  packages = ["."]
  pruneopts = "UT"
  revision = "8897cf6ec08fe67a861d0b4477ee3c041458d8cb"
  version = "v1.0.0"

[[projects]]
  digest = "1:a2cff208d4759f6ba1b1cd228587b0a1869f95f22542ec9cd17fff64430113c7"
  name = "github.com/jessevdk/go-flags"
  packages = ["."]
  pruneopts = "UT"
  revision = "c6ca198ec95c841fdb89fc0de7496fed11ab854e"
  version = "v1.4.0"

[[projects]]
  branch = "master"
  digest = "1:5e22b2014e7cd102e2b41ab7dd38b9c5175e3447b653033987164bebc858e958"
  name = "golang.org/x/net"
  packages = [
    "bpf",
    "icmp",
    "internal/iana",
    "internal/socket",
    "ipv4",
    "ipv6",
  ]
  pruneopts = "UT"
  revision = "4829fb13d2c62012c17688fa7f629f371014946d"

[solve-meta]
  analyzer-name = "dep"
  analyzer-version = 1
  input-imports = [
    "github.com/digineo/go-ping",
    "github.com/jessevdk/go-flags",
  ]
  solver-name = "gps-cdcl"
  solver-version = 1
